
Microsoft Visual Studio Solution File, Format Version 12.00
# Visual Studio Version 16
VisualStudioVersion = 16.0.31424.327
MinimumVisualStudioVersion = 10.0.40219.1
Project("{FAE04EC0-301F-11D3-BF4B-00C04F79EFBC}") = "az204netcoreapp", "az204netcoreapp.csproj", "{3316A955-908F-4700-9A69-78CD4132E612}"
EndProject
Global
	GlobalSection(SolutionConfigurationPlatforms) = preSolution
		Debug|Any CPU = Debug|Any CPU
		Release|Any CPU = Release|Any CPU
	EndGlobalSection
	GlobalSection(ProjectConfigurationPlatforms) = postSolution
		{3316A955-908F-4700-9A69-78CD4132E612}.Debug|Any CPU.ActiveCfg = Debug|Any CPU
		{3316A955-908F-4700-9A69-78CD4132E612}.Debug|Any CPU.Build.0 = Debug|Any CPU
		{3316A955-908F-4700-9A69-78CD4132E612}.Release|Any CPU.ActiveCfg = Release|Any CPU
		{3316A955-908F-4700-9A69-78CD4132E612}.Release|Any CPU.Build.0 = Release|Any CPU
	EndGlobalSection
	GlobalSection(SolutionProperties) = preSolution
		HideSolutionNode = FALSE
	EndGlobalSection
	GlobalSection(ExtensibilityGlobals) = postSolution
		SolutionGuid = {921B5C59-E887-49BB-AA6D-17C66A4F4750}
	EndGlobalSection
EndGlobal
